<?xml version="1.0" encoding="utf-8"?>
<Project ToolsVersion="4.0" xmlns="http://schemas.microsoft.com/developer/msbuild/2003">
  <ItemGroup>
    <Filter Include="소스 파일">
      <UniqueIdentifier>{4FC737F1-C7A5-4376-A066-2A32D752A2FF}</UniqueIdentifier>
      <Extensions>cpp;c;cc;cxx;c++;cppm;ixx;def;odl;idl;hpj;bat;asm;asmx</Extensions>
    </Filter>
    <Filter Include="헤더 파일">
      <UniqueIdentifier>{93995380-89BD-4b04-88EB-625FBE52EBFB}</UniqueIdentifier>
      <Extensions>h;hh;hpp;hxx;h++;hm;inl;inc;ipp;xsd</Extensions>
    </Filter>
    <Filter Include="리소스 파일">
      <UniqueIdentifier>{67DA6AB6-F800-4c08-8B7A-83BB121AAD01}</UniqueIdentifier>
      <Extensions>rc;ico;cur;bmp;dlg;rc2;rct;bin;rgs;gif;jpg;jpeg;jpe;resx;tiff;tif;png;wav;mfcribbon-ms</Extensions>
    </Filter>
    <Filter Include="헤더 파일\Discord">
      <UniqueIdentifier>{33f80397-22a5-4d7a-8556-31315d50747b}</UniqueIdentifier>
    </Filter>
    <Filter Include="헤더 파일\Discord\Server">
      <UniqueIdentifier>{09fadd0e-1373-4c84-974d-7b3f018b042b}</UniqueIdentifier>
    </Filter>
    <Filter Include="헤더 파일\Discord\Thread">
      <UniqueIdentifier>{cc7a6f88-4d3a-473e-b24c-33ec5168a4b1}</UniqueIdentifier>
    </Filter>
    <Filter Include="소스 파일\Discord">
      <UniqueIdentifier>{d4550666-0dfd-48b4-8a03-8452f75bb8c3}</UniqueIdentifier>
    </Filter>
    <Filter Include="소스 파일\Discord\Thread">
      <UniqueIdentifier>{ad1bba69-9660-4751-9b04-77f77a3aeb9b}</UniqueIdentifier>
    </Filter>
    <Filter Include="소스 파일\Discord\Server">
      <UniqueIdentifier>{42223366-fde3-4a37-9c0a-b5050a8b3a2e}</UniqueIdentifier>
    </Filter>
  </ItemGroup>
  <ItemGroup>
    <ClCompile Include="Discord_BPP.cpp">
      <Filter>소스 파일</Filter>
    </ClCompile>
    <ClCompile Include="pch.cpp">
      <Filter>소스 파일</Filter>
    </ClCompile>
    <ClCompile Include="Discord\Discord_Context.cpp">
      <Filter>소스 파일</Filter>
    </ClCompile>
    <ClCompile Include="Discord\Discord_Exception.cpp">
      <Filter>소스 파일</Filter>
    </ClCompile>
    <ClCompile Include="Discord\Server\Discord_Bot_Server.cpp">
      <Filter>소스 파일\Discord\Server</Filter>
    </ClCompile>
    <ClCompile Include="Discord\Server\Discord_Socket.cpp">
      <Filter>소스 파일\Discord\Server</Filter>
    </ClCompile>
    <ClCompile Include="Discord\Server\Discord_Win_Socket.cpp">
      <Filter>소스 파일\Discord\Server</Filter>
    </ClCompile>
    <ClCompile Include="Discord\Thread\Discord_Task.cpp">
      <Filter>소스 파일\Discord\Thread</Filter>
    </ClCompile>
    <ClCompile Include="Discord\Thread\Discord_Work.cpp">
      <Filter>소스 파일\Discord\Thread</Filter>
    </ClCompile>
  </ItemGroup>
  <ItemGroup>
    <ClInclude Include="pch.h">
      <Filter>헤더 파일</Filter>
    </ClInclude>
    <ClInclude Include="Discord\Discord_Context.h">
      <Filter>헤더 파일</Filter>
    </ClInclude>
    <ClInclude Include="Discord\Discord_Defines.h">
      <Filter>헤더 파일</Filter>
    </ClInclude>
    <ClInclude Include="Discord\Discord_Exception.h">
      <Filter>헤더 파일</Filter>
    </ClInclude>
    <ClInclude Include="Discord\Discord_Include.h">
      <Filter>헤더 파일</Filter>
    </ClInclude>
    <ClInclude Include="Discord\Server\Discord_Bot_Server.h">
      <Filter>헤더 파일\Discord\Server</Filter>
    </ClInclude>
    <ClInclude Include="Discord\Server\Discord_Socket.h">
      <Filter>헤더 파일\Discord\Server</Filter>
    </ClInclude>
    <ClInclude Include="Discord\Thread\Discord_Task.h">
      <Filter>헤더 파일\Discord\Thread</Filter>
    </ClInclude>
    <ClInclude Include="Discord\Thread\Discord_Work.h">
      <Filter>헤더 파일\Discord\Thread</Filter>
    </ClInclude>
  </ItemGroup>
</Project>