<?xml version="1.0" encoding="utf-8"?>
<Project ToolsVersion="4.0" xmlns="http://schemas.microsoft.com/developer/msbuild/2003">
  <ItemGroup>
    <Filter Include="소스 파일">
      <UniqueIdentifier>{4FC737F1-C7A5-4376-A066-2A32D752A2FF}</UniqueIdentifier>
      <Extensions>cpp;c;cc;cxx;c++;cppm;ixx;def;odl;idl;hpj;bat;asm;asmx</Extensions>
    </Filter>
    <Filter Include="헤더 파일">
      <UniqueIdentifier>{93995380-89BD-4b04-88EB-625FBE52EBFB}</UniqueIdentifier>
      <Extensions>h;hh;hpp;hxx;h++;hm;inl;inc;ipp;xsd</Extensions>
    </Filter>
    <Filter Include="리소스 파일">
      <UniqueIdentifier>{67DA6AB6-F800-4c08-8B7A-83BB121AAD01}</UniqueIdentifier>
      <Extensions>rc;ico;cur;bmp;dlg;rc2;rct;bin;rgs;gif;jpg;jpeg;jpe;resx;tiff;tif;png;wav;mfcribbon-ms</Extensions>
    </Filter>
    <Filter Include="헤더 파일\Discord">
      <UniqueIdentifier>{33f80397-22a5-4d7a-8556-31315d50747b}</UniqueIdentifier>
    </Filter>
    <Filter Include="헤더 파일\Discord\Server">
      <UniqueIdentifier>{09fadd0e-1373-4c84-974d-7b3f018b042b}</UniqueIdentifier>
    </Filter>
    <Filter Include="헤더 파일\Discord\Thread">
      <UniqueIdentifier>{cc7a6f88-4d3a-473e-b24c-33ec5168a4b1}</UniqueIdentifier>
    </Filter>
    <Filter Include="소스 파일\Discord">
      <UniqueIdentifier>{d4550666-0dfd-48b4-8a03-8452f75bb8c3}</UniqueIdentifier>
    </Filter>
    <Filter Include="소스 파일\Discord\Thread">
      <UniqueIdentifier>{ad1bba69-9660-4751-9b04-77f77a3aeb9b}</UniqueIdentifier>
    </Filter>
    <Filter Include="소스 파일\Discord\Server">
      <UniqueIdentifier>{42223366-fde3-4a37-9c0a-b5050a8b3a2e}</UniqueIdentifier>
    </Filter>
    <Filter Include="소스 파일\Discord\Bot">
      <UniqueIdentifier>{22607451-cdbb-4b07-893d-d6292825418a}</UniqueIdentifier>
    </Filter>
    <Filter Include="헤더 파일\Discord\Bot">
      <UniqueIdentifier>{80d96376-c9ab-4b6c-b32a-1fe2a3caf9b4}</UniqueIdentifier>
    </Filter>
    <Filter Include="소스 파일\Discord\Bot\Command">
      <UniqueIdentifier>{37ce9436-37fd-4505-9fa4-eaf2e45537bd}</UniqueIdentifier>
    </Filter>
    <Filter Include="헤더 파일\Discord\Bot\Command">
      <UniqueIdentifier>{8c2accdf-637a-49d5-a987-6b7f91e543bd}</UniqueIdentifier>
    </Filter>
    <Filter Include="소스 파일\Discord\Management">
      <UniqueIdentifier>{ca696987-90dd-4e2b-9109-4e831679d067}</UniqueIdentifier>
    </Filter>
    <Filter Include="소스 파일\Discord\Management\Command">
      <UniqueIdentifier>{7ed570a2-6515-4363-bc01-d008e4aecbec}</UniqueIdentifier>
    </Filter>
    <Filter Include="헤더 파일\Discord\Management">
      <UniqueIdentifier>{8219a3b9-e67a-4842-bce0-7c43743b29dc}</UniqueIdentifier>
    </Filter>
    <Filter Include="헤더 파일\Discord\Management\Command">
      <UniqueIdentifier>{a48d9510-4dac-4714-8dfc-ff6b54f86b32}</UniqueIdentifier>
    </Filter>
    <Filter Include="헤더 파일\Discord\Setting">
      <UniqueIdentifier>{be59ec13-7849-4ae3-894b-1b0319ae747a}</UniqueIdentifier>
    </Filter>
    <Filter Include="소스 파일\Discord\Setting">
      <UniqueIdentifier>{3635a79c-d5c7-4769-8a18-730e24962082}</UniqueIdentifier>
    </Filter>
  </ItemGroup>
  <ItemGroup>
    <ClCompile Include="Discord_BPP.cpp">
      <Filter>소스 파일</Filter>
    </ClCompile>
    <ClCompile Include="pch.cpp">
      <Filter>소스 파일</Filter>
    </ClCompile>
    <ClCompile Include="Discord\Discord_Context.cpp">
      <Filter>소스 파일</Filter>
    </ClCompile>
    <ClCompile Include="Discord\Discord_Exception.cpp">
      <Filter>소스 파일</Filter>
    </ClCompile>
    <ClCompile Include="Discord\Server\Discord_Bot_Server.cpp">
      <Filter>소스 파일\Discord\Server</Filter>
    </ClCompile>
    <ClCompile Include="Discord\Server\Discord_Socket.cpp">
      <Filter>소스 파일\Discord\Server</Filter>
    </ClCompile>
    <ClCompile Include="Discord\Thread\Discord_Task.cpp">
      <Filter>소스 파일\Discord\Thread</Filter>
    </ClCompile>
    <ClCompile Include="Discord\Thread\Discord_Work.cpp">
      <Filter>소스 파일\Discord\Thread</Filter>
    </ClCompile>
    <ClCompile Include="Discord_Session.cpp">
      <Filter>소스 파일\Discord\Server</Filter>
    </ClCompile>
    <ClCompile Include="Discord_Management.cpp">
      <Filter>소스 파일\Discord\Management</Filter>
    </ClCompile>
    <ClCompile Include="Discord_INI.cpp">
      <Filter>소스 파일</Filter>
    </ClCompile>
    <ClCompile Include="Discord_ManageCommand.cpp">
      <Filter>소스 파일\Discord\Management\Command</Filter>
    </ClCompile>
  </ItemGroup>
  <ItemGroup>
    <ClInclude Include="pch.h">
      <Filter>헤더 파일</Filter>
    </ClInclude>
    <ClInclude Include="Discord\Discord_Context.h">
      <Filter>헤더 파일</Filter>
    </ClInclude>
    <ClInclude Include="Discord\Discord_Defines.h">
      <Filter>헤더 파일</Filter>
    </ClInclude>
    <ClInclude Include="Discord\Discord_Exception.h">
      <Filter>헤더 파일</Filter>
    </ClInclude>
    <ClInclude Include="Discord\Discord_Include.h">
      <Filter>헤더 파일</Filter>
    </ClInclude>
    <ClInclude Include="Discord\Server\Discord_Bot_Server.h">
      <Filter>헤더 파일\Discord\Server</Filter>
    </ClInclude>
    <ClInclude Include="Discord\Server\Discord_Socket.h">
      <Filter>헤더 파일\Discord\Server</Filter>
    </ClInclude>
    <ClInclude Include="Discord\Thread\Discord_Task.h">
      <Filter>헤더 파일\Discord\Thread</Filter>
    </ClInclude>
    <ClInclude Include="Discord\Thread\Discord_Work.h">
      <Filter>헤더 파일\Discord\Thread</Filter>
    </ClInclude>
    <ClInclude Include="Discord_Session.h">
      <Filter>헤더 파일\Discord\Server</Filter>
    </ClInclude>
    <ClInclude Include="Discord_Management.h">
      <Filter>헤더 파일\Discord\Management</Filter>
    </ClInclude>
    <ClInclude Include="Discord_INI.h">
      <Filter>헤더 파일</Filter>
    </ClInclude>
    <ClInclude Include="Discord_ManageCommand.h">
      <Filter>헤더 파일\Discord\Management\Command</Filter>
    </ClInclude>
  </ItemGroup>
  <ItemGroup>
    <Text Include="흐름.txt">
      <Filter>리소스 파일</Filter>
    </Text>
  </ItemGroup>
</Project>